
Microsoft Visual Studio Solution File, Format Version 12.00
# Visual Studio Version 17
VisualStudioVersion = 17.8.34330.188
MinimumVisualStudioVersion = 10.0.40219.1
Project("{FAE04EC0-301F-11D3-BF4B-00C04F79EFBC}") = "ConTest", "ConTest\ConTest.csproj", "{41F90A3E-4BB3-4D2E-A8D3-373902EF5856}"
EndProject
Project("{FAE04EC0-301F-11D3-BF4B-00C04F79EFBC}") = "SecondService", "SecondService\SecondService.csproj", "{A5ED75C6-9A5B-4DD1-8261-668A271379D2}"
EndProject
Project("{FAE04EC0-301F-11D3-BF4B-00C04F79EFBC}") = "Infrustructure", "Infrustructure\Infrustructure.csproj", "{E1BBA834-B750-469D-B59E-791585C5F0E7}"
EndProject
Project("{FAE04EC0-301F-11D3-BF4B-00C04F79EFBC}") = "ProductTest", "ProductTest\ProductTest.csproj", "{D8F02CD3-BE52-4D50-A577-BE449B395C1D}"
EndProject
Global
	GlobalSection(SolutionConfigurationPlatforms) = preSolution
		Debug|Any CPU = Debug|Any CPU
		Release|Any CPU = Release|Any CPU
	EndGlobalSection
	GlobalSection(ProjectConfigurationPlatforms) = postSolution
		{41F90A3E-4BB3-4D2E-A8D3-373902EF5856}.Debug|Any CPU.ActiveCfg = Debug|Any CPU
		{41F90A3E-4BB3-4D2E-A8D3-373902EF5856}.Debug|Any CPU.Build.0 = Debug|Any CPU
		{41F90A3E-4BB3-4D2E-A8D3-373902EF5856}.Release|Any CPU.ActiveCfg = Release|Any CPU
		{41F90A3E-4BB3-4D2E-A8D3-373902EF5856}.Release|Any CPU.Build.0 = Release|Any CPU
		{A5ED75C6-9A5B-4DD1-8261-668A271379D2}.Debug|Any CPU.ActiveCfg = Debug|Any CPU
		{A5ED75C6-9A5B-4DD1-8261-668A271379D2}.Debug|Any CPU.Build.0 = Debug|Any CPU
		{A5ED75C6-9A5B-4DD1-8261-668A271379D2}.Release|Any CPU.ActiveCfg = Release|Any CPU
		{A5ED75C6-9A5B-4DD1-8261-668A271379D2}.Release|Any CPU.Build.0 = Release|Any CPU
		{E1BBA834-B750-469D-B59E-791585C5F0E7}.Debug|Any CPU.ActiveCfg = Debug|Any CPU
		{E1BBA834-B750-469D-B59E-791585C5F0E7}.Debug|Any CPU.Build.0 = Debug|Any CPU
		{E1BBA834-B750-469D-B59E-791585C5F0E7}.Release|Any CPU.ActiveCfg = Release|Any CPU
		{E1BBA834-B750-469D-B59E-791585C5F0E7}.Release|Any CPU.Build.0 = Release|Any CPU
		{D8F02CD3-BE52-4D50-A577-BE449B395C1D}.Debug|Any CPU.ActiveCfg = Debug|Any CPU
		{D8F02CD3-BE52-4D50-A577-BE449B395C1D}.Debug|Any CPU.Build.0 = Debug|Any CPU
		{D8F02CD3-BE52-4D50-A577-BE449B395C1D}.Release|Any CPU.ActiveCfg = Release|Any CPU
		{D8F02CD3-BE52-4D50-A577-BE449B395C1D}.Release|Any CPU.Build.0 = Release|Any CPU
	EndGlobalSection
	GlobalSection(SolutionProperties) = preSolution
		HideSolutionNode = FALSE
	EndGlobalSection
	GlobalSection(ExtensibilityGlobals) = postSolution
		SolutionGuid = {0374A03B-6FA2-4915-AB92-837C57E796A1}
	EndGlobalSection
EndGlobal
